
Microsoft Visual Studio Solution File, Format Version 12.00
# Visual Studio Version 17
VisualStudioVersion = 17.0.32112.339
MinimumVisualStudioVersion = 10.0.40219.1
Project("{FAE04EC0-301F-11D3-BF4B-00C04F79EFBC}") = "Order", "Order\Order.csproj", "{AA0C4EF4-9943-4461-B173-C71021778A7C}"
EndProject
Project("{2150E333-8FDC-42A3-9474-1A3956D46DE8}") = "k8s", "k8s", "{1E72F129-B910-4B28-8C5C-54F0516E02F1}"
	ProjectSection(SolutionItems) = preProject
		1-mssql-deployment.yaml = 1-mssql-deployment.yaml
		2-mssql-service.yaml = 2-mssql-service.yaml
		3-api-deployment.yaml = 3-api-deployment.yaml
	EndProjectSection
EndProject
Global
	GlobalSection(SolutionConfigurationPlatforms) = preSolution
		Debug|Any CPU = Debug|Any CPU
		Release|Any CPU = Release|Any CPU
	EndGlobalSection
	GlobalSection(ProjectConfigurationPlatforms) = postSolution
		{AA0C4EF4-9943-4461-B173-C71021778A7C}.Debug|Any CPU.ActiveCfg = Debug|Any CPU
		{AA0C4EF4-9943-4461-B173-C71021778A7C}.Debug|Any CPU.Build.0 = Debug|Any CPU
		{AA0C4EF4-9943-4461-B173-C71021778A7C}.Release|Any CPU.ActiveCfg = Release|Any CPU
		{AA0C4EF4-9943-4461-B173-C71021778A7C}.Release|Any CPU.Build.0 = Release|Any CPU
	EndGlobalSection
	GlobalSection(SolutionProperties) = preSolution
		HideSolutionNode = FALSE
	EndGlobalSection
	GlobalSection(ExtensibilityGlobals) = postSolution
		SolutionGuid = {F66D2894-A701-4724-8101-677C5DF7A132}
	EndGlobalSection
EndGlobal
