
Microsoft Visual Studio Solution File, Format Version 12.00
# Visual Studio Version 17
VisualStudioVersion = 17.0.32112.339
MinimumVisualStudioVersion = 10.0.40219.1
Project("{9A19103F-16F7-4668-BE54-9A1E7A4F7556}") = "Order", "Order\Order.csproj", "{AA0C4EF4-9943-4461-B173-C71021778A7C}"
EndProject
Global
	GlobalSection(SolutionConfigurationPlatforms) = preSolution
		Debug|Any CPU = Debug|Any CPU
		Release|Any CPU = Release|Any CPU
	EndGlobalSection
	GlobalSection(ProjectConfigurationPlatforms) = postSolution
		{AA0C4EF4-9943-4461-B173-C71021778A7C}.Debug|Any CPU.ActiveCfg = Debug|Any CPU
		{AA0C4EF4-9943-4461-B173-C71021778A7C}.Debug|Any CPU.Build.0 = Debug|Any CPU
		{AA0C4EF4-9943-4461-B173-C71021778A7C}.Release|Any CPU.ActiveCfg = Release|Any CPU
		{AA0C4EF4-9943-4461-B173-C71021778A7C}.Release|Any CPU.Build.0 = Release|Any CPU
	EndGlobalSection
	GlobalSection(SolutionProperties) = preSolution
		HideSolutionNode = FALSE
	EndGlobalSection
	GlobalSection(ExtensibilityGlobals) = postSolution
		SolutionGuid = {F66D2894-A701-4724-8101-677C5DF7A132}
	EndGlobalSection
EndGlobal
